
Microsoft Visual Studio Solution File, Format Version 12.00
# Visual Studio Version 17
VisualStudioVersion = 17.11.35312.102
MinimumVisualStudioVersion = 10.0.40219.1
Project("{FAE04EC0-301F-11D3-BF4B-00C04F79EFBC}") = "task", "task\task.csproj", "{1BB796A6-3287-4B60-8A80-8E1A2FC2FD20}"
EndProject
Global
	GlobalSection(SolutionConfigurationPlatforms) = preSolution
		Debug|Any CPU = Debug|Any CPU
		Release|Any CPU = Release|Any CPU
	EndGlobalSection
	GlobalSection(ProjectConfigurationPlatforms) = postSolution
		{1BB796A6-3287-4B60-8A80-8E1A2FC2FD20}.Debug|Any CPU.ActiveCfg = Debug|Any CPU
		{1BB796A6-3287-4B60-8A80-8E1A2FC2FD20}.Debug|Any CPU.Build.0 = Debug|Any CPU
		{1BB796A6-3287-4B60-8A80-8E1A2FC2FD20}.Release|Any CPU.ActiveCfg = Release|Any CPU
		{1BB796A6-3287-4B60-8A80-8E1A2FC2FD20}.Release|Any CPU.Build.0 = Release|Any CPU
	EndGlobalSection
	GlobalSection(SolutionProperties) = preSolution
		HideSolutionNode = FALSE
	EndGlobalSection
	GlobalSection(ExtensibilityGlobals) = postSolution
		SolutionGuid = {C3DF0CF8-3326-42E8-BBBD-D017A9C23403}
	EndGlobalSection
EndGlobal
